// !$*UTF8*$!
{
	archiveVersion = 1;
	classes = {
	};
	objectVersion = 77;
	objects = {

/* Begin PBXBuildFile section */
		9859E6E52E900EF40086503D /* ArtistCollectionVC.swift in Sources */ = {isa = PBXBuildFile; fileRef = 9859E6E42E900EF40086503D /* ArtistCollectionVC.swift */; };
		9859E6E72E90107A0086503D /* AlbumsCollectionVC.swift in Sources */ = {isa = PBXBuildFile; fileRef = 9859E6E62E90107A0086503D /* AlbumsCollectionVC.swift */; };
		9859E6E92E90114D0086503D /* AlbumDetailVC.swift in Sources */ = {isa = PBXBuildFile; fileRef = 9859E6E82E90114D0086503D /* AlbumDetailVC.swift */; };
		98953DE62E6A4BCE00250961 /* AppDelegate.swift in Sources */ = {isa = PBXBuildFile; fileRef = 98953DE52E6A4BCE00250961 /* AppDelegate.swift */; };
		98953DE82E6A4C1400250961 /* ViewController.swift in Sources */ = {isa = PBXBuildFile; fileRef = 98953DE72E6A4C1400250961 /* ViewController.swift */; };
		98953DEA2E6A4C3B00250961 /* RemotePeerManager.swift in Sources */ = {isa = PBXBuildFile; fileRef = 98953DE92E6A4C3B00250961 /* RemotePeerManager.swift */; };
		98953DEC2E6A4D5400250961 /* GenresCollectionVC.swift in Sources */ = {isa = PBXBuildFile; fileRef = 98953DEB2E6A4D5400250961 /* GenresCollectionVC.swift */; };
		98B469992E76191600C195B2 /* SceneDelegate.swift in Sources */ = {isa = PBXBuildFile; fileRef = 98B469982E76191600C195B2 /* SceneDelegate.swift */; };
		98D701BB2E9EED3600E6B200 /* RemotePeerManager EXT.swift in Sources */ = {isa = PBXBuildFile; fileRef = 98D701BA2E9EED3600E6B200 /* RemotePeerManager EXT.swift */; };
		98D701BD2E9EED8B00E6B200 /* RemotePeerManager EXT 2.swift in Sources */ = {isa = PBXBuildFile; fileRef = 98D701BC2E9EED8B00E6B200 /* RemotePeerManager EXT 2.swift */; };
/* End PBXBuildFile section */

/* Begin PBXContainerItemProxy section */
		98184E142DA584A50060BF7E /* PBXContainerItemProxy */ = {
			isa = PBXContainerItemProxy;
			containerPortal = 98184DF52DA5849D0060BF7E /* Project object */;
			proxyType = 1;
			remoteGlobalIDString = 98184DFC2DA5849D0060BF7E;
			remoteInfo = UniversallyRemote;
		};
		98184E1E2DA584A50060BF7E /* PBXContainerItemProxy */ = {
			isa = PBXContainerItemProxy;
			containerPortal = 98184DF52DA5849D0060BF7E /* Project object */;
			proxyType = 1;
			remoteGlobalIDString = 98184DFC2DA5849D0060BF7E;
			remoteInfo = UniversallyRemote;
		};
/* End PBXContainerItemProxy section */

/* Begin PBXFileReference section */
		98184DFD2DA5849D0060BF7E /* UniversallyRemote.app */ = {isa = PBXFileReference; explicitFileType = wrapper.application; includeInIndex = 0; path = UniversallyRemote.app; sourceTree = BUILT_PRODUCTS_DIR; };
		98184E132DA584A50060BF7E /* UniversallyRemoteTests.xctest */ = {isa = PBXFileReference; explicitFileType = wrapper.cfbundle; includeInIndex = 0; path = UniversallyRemoteTests.xctest; sourceTree = BUILT_PRODUCTS_DIR; };
		98184E1D2DA584A50060BF7E /* UniversallyRemoteUITests.xctest */ = {isa = PBXFileReference; explicitFileType = wrapper.cfbundle; includeInIndex = 0; path = UniversallyRemoteUITests.xctest; sourceTree = BUILT_PRODUCTS_DIR; };
		9859E6E42E900EF40086503D /* ArtistCollectionVC.swift */ = {isa = PBXFileReference; lastKnownFileType = sourcecode.swift; path = ArtistCollectionVC.swift; sourceTree = "<group>"; };
		9859E6E62E90107A0086503D /* AlbumsCollectionVC.swift */ = {isa = PBXFileReference; lastKnownFileType = sourcecode.swift; path = AlbumsCollectionVC.swift; sourceTree = "<group>"; };
		9859E6E82E90114D0086503D /* AlbumDetailVC.swift */ = {isa = PBXFileReference; lastKnownFileType = sourcecode.swift; path = AlbumDetailVC.swift; sourceTree = "<group>"; };
		98953DE42E6A4BCE00250961 /* UniversallyRemote-Bridging-Header.h */ = {isa = PBXFileReference; lastKnownFileType = sourcecode.c.h; path = "UniversallyRemote-Bridging-Header.h"; sourceTree = "<group>"; };
		98953DE52E6A4BCE00250961 /* AppDelegate.swift */ = {isa = PBXFileReference; lastKnownFileType = sourcecode.swift; path = AppDelegate.swift; sourceTree = "<group>"; };
		98953DE72E6A4C1400250961 /* ViewController.swift */ = {isa = PBXFileReference; lastKnownFileType = sourcecode.swift; path = ViewController.swift; sourceTree = "<group>"; };
		98953DE92E6A4C3B00250961 /* RemotePeerManager.swift */ = {isa = PBXFileReference; lastKnownFileType = sourcecode.swift; path = RemotePeerManager.swift; sourceTree = "<group>"; };
		98953DEB2E6A4D5400250961 /* GenresCollectionVC.swift */ = {isa = PBXFileReference; lastKnownFileType = sourcecode.swift; path = GenresCollectionVC.swift; sourceTree = "<group>"; };
		98B469962E76133600C195B2 /* Info.plist */ = {isa = PBXFileReference; lastKnownFileType = text.plist.xml; path = Info.plist; sourceTree = "<group>"; };
		98B469982E76191600C195B2 /* SceneDelegate.swift */ = {isa = PBXFileReference; lastKnownFileType = sourcecode.swift; path = SceneDelegate.swift; sourceTree = "<group>"; };
		98D701BA2E9EED3600E6B200 /* RemotePeerManager EXT.swift */ = {isa = PBXFileReference; lastKnownFileType = sourcecode.swift; path = "RemotePeerManager EXT.swift"; sourceTree = "<group>"; };
		98D701BC2E9EED8B00E6B200 /* RemotePeerManager EXT 2.swift */ = {isa = PBXFileReference; lastKnownFileType = sourcecode.swift; path = "RemotePeerManager EXT 2.swift"; sourceTree = "<group>"; };
/* End PBXFileReference section */

/* Begin PBXFileSystemSynchronizedRootGroup section */
		98184DFF2DA5849D0060BF7E /* UniversallyRemote */ = {
			isa = PBXFileSystemSynchronizedRootGroup;
			path = UniversallyRemote;
			sourceTree = "<group>";
		};
		98184E162DA584A50060BF7E /* UniversallyRemoteTests */ = {
			isa = PBXFileSystemSynchronizedRootGroup;
			path = UniversallyRemoteTests;
			sourceTree = "<group>";
		};
/* End PBXFileSystemSynchronizedRootGroup section */

/* Begin PBXFrameworksBuildPhase section */
		98184DFA2DA5849D0060BF7E /* Frameworks */ = {
			isa = PBXFrameworksBuildPhase;
			buildActionMask = 2147483647;
			files = (
			);
			runOnlyForDeploymentPostprocessing = 0;
		};
		98184E102DA584A50060BF7E /* Frameworks */ = {
			isa = PBXFrameworksBuildPhase;
			buildActionMask = 2147483647;
			files = (
			);
			runOnlyForDeploymentPostprocessing = 0;
		};
		98184E1A2DA584A50060BF7E /* Frameworks */ = {
			isa = PBXFrameworksBuildPhase;
			buildActionMask = 2147483647;
			files = (
			);
			runOnlyForDeploymentPostprocessing = 0;
		};
/* End PBXFrameworksBuildPhase section */

/* Begin PBXGroup section */
		98184DF42DA5849D0060BF7E = {
			isa = PBXGroup;
			children = (
				98953DE42E6A4BCE00250961 /* UniversallyRemote-Bridging-Header.h */,
				98B469962E76133600C195B2 /* Info.plist */,
				98953DE52E6A4BCE00250961 /* AppDelegate.swift */,
				98953DEB2E6A4D5400250961 /* GenresCollectionVC.swift */,
				9859E6E42E900EF40086503D /* ArtistCollectionVC.swift */,
				9859E6E62E90107A0086503D /* AlbumsCollectionVC.swift */,
				9859E6E82E90114D0086503D /* AlbumDetailVC.swift */,
				98953DE92E6A4C3B00250961 /* RemotePeerManager.swift */,
				98D701BA2E9EED3600E6B200 /* RemotePeerManager EXT.swift */,
				98D701BC2E9EED8B00E6B200 /* RemotePeerManager EXT 2.swift */,
				98B469982E76191600C195B2 /* SceneDelegate.swift */,
				98953DE72E6A4C1400250961 /* ViewController.swift */,
				98184DFE2DA5849D0060BF7E /* Products */,
				98184DFF2DA5849D0060BF7E /* UniversallyRemote */,
				98184E162DA584A50060BF7E /* UniversallyRemoteTests */,
			);
			sourceTree = "<group>";
		};
		98184DFE2DA5849D0060BF7E /* Products */ = {
			isa = PBXGroup;
			children = (
				98184DFD2DA5849D0060BF7E /* UniversallyRemote.app */,
				98184E132DA584A50060BF7E /* UniversallyRemoteTests.xctest */,
				98184E1D2DA584A50060BF7E /* UniversallyRemoteUITests.xctest */,
			);
			name = Products;
			sourceTree = "<group>";
		};
/* End PBXGroup section */

/* Begin PBXNativeTarget section */
		98184DFC2DA5849D0060BF7E /* UniversallyRemote */ = {
			isa = PBXNativeTarget;
			buildConfigurationList = 98184E262DA584A50060BF7E /* Build configuration list for PBXNativeTarget "UniversallyRemote" */;
			buildPhases = (
				98184DF92DA5849D0060BF7E /* Sources */,
				98184DFA2DA5849D0060BF7E /* Frameworks */,
				98184DFB2DA5849D0060BF7E /* Resources */,
			);
			buildRules = (
			);
			dependencies = (
			);
			fileSystemSynchronizedGroups = (
				98184DFF2DA5849D0060BF7E /* UniversallyRemote */,
			);
			name = UniversallyRemote;
			packageProductDependencies = (
			);
			productName = UniversallyRemote;
			productReference = 98184DFD2DA5849D0060BF7E /* UniversallyRemote.app */;
			productType = "com.apple.product-type.application";
		};
		98184E122DA584A50060BF7E /* UniversallyRemoteTests */ = {
			isa = PBXNativeTarget;
			buildConfigurationList = 98184E2B2DA584A50060BF7E /* Build configuration list for PBXNativeTarget "UniversallyRemoteTests" */;
			buildPhases = (
				98184E0F2DA584A50060BF7E /* Sources */,
				98184E102DA584A50060BF7E /* Frameworks */,
				98184E112DA584A50060BF7E /* Resources */,
			);
			buildRules = (
			);
			dependencies = (
				98184E152DA584A50060BF7E /* PBXTargetDependency */,
			);
			fileSystemSynchronizedGroups = (
				98184E162DA584A50060BF7E /* UniversallyRemoteTests */,
			);
			name = UniversallyRemoteTests;
			packageProductDependencies = (
			);
			productName = UniversallyRemoteTests;
			productReference = 98184E132DA584A50060BF7E /* UniversallyRemoteTests.xctest */;
			productType = "com.apple.product-type.bundle.unit-test";
		};
		98184E1C2DA584A50060BF7E /* UniversallyRemoteUITests */ = {
			isa = PBXNativeTarget;
			buildConfigurationList = 98184E2E2DA584A50060BF7E /* Build configuration list for PBXNativeTarget "UniversallyRemoteUITests" */;
			buildPhases = (
				98184E192DA584A50060BF7E /* Sources */,
				98184E1A2DA584A50060BF7E /* Frameworks */,
				98184E1B2DA584A50060BF7E /* Resources */,
			);
			buildRules = (
			);
			dependencies = (
				98184E1F2DA584A50060BF7E /* PBXTargetDependency */,
			);
			name = UniversallyRemoteUITests;
			packageProductDependencies = (
			);
			productName = UniversallyRemoteUITests;
			productReference = 98184E1D2DA584A50060BF7E /* UniversallyRemoteUITests.xctest */;
			productType = "com.apple.product-type.bundle.ui-testing";
		};
/* End PBXNativeTarget section */

/* Begin PBXProject section */
		98184DF52DA5849D0060BF7E /* Project object */ = {
			isa = PBXProject;
			attributes = {
				BuildIndependentTargetsInParallel = 1;
				LastSwiftUpdateCheck = 1630;
				LastUpgradeCheck = 2600;
				TargetAttributes = {
					98184DFC2DA5849D0060BF7E = {
						CreatedOnToolsVersion = 16.3;
						LastSwiftMigration = 1640;
					};
					98184E122DA584A50060BF7E = {
						CreatedOnToolsVersion = 16.3;
						TestTargetID = 98184DFC2DA5849D0060BF7E;
					};
					98184E1C2DA584A50060BF7E = {
						CreatedOnToolsVersion = 16.3;
						TestTargetID = 98184DFC2DA5849D0060BF7E;
					};
				};
			};
			buildConfigurationList = 98184DF82DA5849D0060BF7E /* Build configuration list for PBXProject "UniversallyRemote" */;
			developmentRegion = en;
			hasScannedForEncodings = 0;
			knownRegions = (
				en,
				Base,
			);
			mainGroup = 98184DF42DA5849D0060BF7E;
			minimizedProjectReferenceProxies = 1;
			preferredProjectObjectVersion = 77;
			productRefGroup = 98184DFE2DA5849D0060BF7E /* Products */;
			projectDirPath = "";
			projectRoot = "";
			targets = (
				98184DFC2DA5849D0060BF7E /* UniversallyRemote */,
				98184E122DA584A50060BF7E /* UniversallyRemoteTests */,
				98184E1C2DA584A50060BF7E /* UniversallyRemoteUITests */,
			);
		};
/* End PBXProject section */

/* Begin PBXResourcesBuildPhase section */
		98184DFB2DA5849D0060BF7E /* Resources */ = {
			isa = PBXResourcesBuildPhase;
			buildActionMask = 2147483647;
			files = (
			);
			runOnlyForDeploymentPostprocessing = 0;
		};
		98184E112DA584A50060BF7E /* Resources */ = {
			isa = PBXResourcesBuildPhase;
			buildActionMask = 2147483647;
			files = (
			);
			runOnlyForDeploymentPostprocessing = 0;
		};
		98184E1B2DA584A50060BF7E /* Resources */ = {
			isa = PBXResourcesBuildPhase;
			buildActionMask = 2147483647;
			files = (
			);
			runOnlyForDeploymentPostprocessing = 0;
		};
/* End PBXResourcesBuildPhase section */

/* Begin PBXSourcesBuildPhase section */
		98184DF92DA5849D0060BF7E /* Sources */ = {
			isa = PBXSourcesBuildPhase;
			buildActionMask = 2147483647;
			files = (
				98D701BB2E9EED3600E6B200 /* RemotePeerManager EXT.swift in Sources */,
				98953DEC2E6A4D5400250961 /* GenresCollectionVC.swift in Sources */,
				9859E6E52E900EF40086503D /* ArtistCollectionVC.swift in Sources */,
				98953DEA2E6A4C3B00250961 /* RemotePeerManager.swift in Sources */,
				98D701BD2E9EED8B00E6B200 /* RemotePeerManager EXT 2.swift in Sources */,
				9859E6E92E90114D0086503D /* AlbumDetailVC.swift in Sources */,
				98953DE82E6A4C1400250961 /* ViewController.swift in Sources */,
				98953DE62E6A4BCE00250961 /* AppDelegate.swift in Sources */,
				98B469992E76191600C195B2 /* SceneDelegate.swift in Sources */,
				9859E6E72E90107A0086503D /* AlbumsCollectionVC.swift in Sources */,
			);
			runOnlyForDeploymentPostprocessing = 0;
		};
		98184E0F2DA584A50060BF7E /* Sources */ = {
			isa = PBXSourcesBuildPhase;
			buildActionMask = 2147483647;
			files = (
			);
			runOnlyForDeploymentPostprocessing = 0;
		};
		98184E192DA584A50060BF7E /* Sources */ = {
			isa = PBXSourcesBuildPhase;
			buildActionMask = 2147483647;
			files = (
			);
			runOnlyForDeploymentPostprocessing = 0;
		};
/* End PBXSourcesBuildPhase section */

/* Begin PBXTargetDependency section */
		98184E152DA584A50060BF7E /* PBXTargetDependency */ = {
			isa = PBXTargetDependency;
			target = 98184DFC2DA5849D0060BF7E /* UniversallyRemote */;
			targetProxy = 98184E142DA584A50060BF7E /* PBXContainerItemProxy */;
		};
		98184E1F2DA584A50060BF7E /* PBXTargetDependency */ = {
			isa = PBXTargetDependency;
			target = 98184DFC2DA5849D0060BF7E /* UniversallyRemote */;
			targetProxy = 98184E1E2DA584A50060BF7E /* PBXContainerItemProxy */;
		};
/* End PBXTargetDependency section */

/* Begin XCBuildConfiguration section */
		98184E272DA584A50060BF7E /* Debug */ = {
			isa = XCBuildConfiguration;
			buildSettings = {
				ASSETCATALOG_COMPILER_APPICON_NAME = AppIcon;
				ASSETCATALOG_COMPILER_GLOBAL_ACCENT_COLOR_NAME = AccentColor;
				ASSETCATALOG_COMPILER_INCLUDE_ALL_APPICON_ASSETS = NO;
				CLANG_ENABLE_MODULES = YES;
				CODE_SIGN_STYLE = Automatic;
				CURRENT_PROJECT_VERSION = 1;
				DEVELOPMENT_TEAM = 58C2BX854S;
				GENERATE_INFOPLIST_FILE = YES;
				INFOPLIST_FILE = "$(SRCROOT)/Info.plist";
				INFOPLIST_KEY_CFBundleDisplayName = UniRemote;
				INFOPLIST_KEY_LSApplicationCategoryType = "public.app-category.music";
				INFOPLIST_KEY_NSLocalNetworkUsageDescription = "This app needs access to your local network to find and control UniversallyMac.";
				INFOPLIST_KEY_UIApplicationSupportsIndirectInputEvents = YES;
				INFOPLIST_KEY_UILaunchStoryboardName = LaunchScreen;
				INFOPLIST_KEY_UIMainStoryboardFile = Main;
				INFOPLIST_KEY_UIStatusBarStyle = UIStatusBarStyleDarkContent;
				INFOPLIST_KEY_UISupportedInterfaceOrientations = UIInterfaceOrientationPortrait;
				INFOPLIST_KEY_UISupportedInterfaceOrientations_iPad = "UIInterfaceOrientationLandscapeLeft UIInterfaceOrientationLandscapeRight UIInterfaceOrientationPortrait UIInterfaceOrientationPortraitUpsideDown";
				LD_RUNPATH_SEARCH_PATHS = (
					"$(inherited)",
					"@executable_path/Frameworks",
				);
				MARKETING_VERSION = 1.0;
				PRODUCT_BUNDLE_IDENTIFIER = DorianMattar.UniversallyRemote;
				PRODUCT_NAME = "$(TARGET_NAME)";
				SWIFT_EMIT_LOC_STRINGS = YES;
				SWIFT_OBJC_BRIDGING_HEADER = "UniversallyRemote-Bridging-Header.h";
				SWIFT_OPTIMIZATION_LEVEL = "-Onone";
				SWIFT_VERSION = 5.0;
				TARGETED_DEVICE_FAMILY = "1,2";
			};
			name = Debug;
		};
		98184E282DA584A50060BF7E /* Release */ = {
			isa = XCBuildConfiguration;
			buildSettings = {
				ASSETCATALOG_COMPILER_APPICON_NAME = AppIcon;
				ASSETCATALOG_COMPILER_GLOBAL_ACCENT_COLOR_NAME = AccentColor;
				ASSETCATALOG_COMPILER_INCLUDE_ALL_APPICON_ASSETS = NO;
				CLANG_ENABLE_MODULES = YES;
				CODE_SIGN_STYLE = Automatic;
				CURRENT_PROJECT_VERSION = 1;
				DEVELOPMENT_TEAM = 58C2BX854S;
				GENERATE_INFOPLIST_FILE = YES;
				INFOPLIST_FILE = "$(SRCROOT)/Info.plist";
				INFOPLIST_KEY_CFBundleDisplayName = UniRemote;
				INFOPLIST_KEY_LSApplicationCategoryType = "public.app-category.music";
				INFOPLIST_KEY_NSLocalNetworkUsageDescription = "This app needs access to your local network to find and control UniversallyMac.";
				INFOPLIST_KEY_UIApplicationSupportsIndirectInputEvents = YES;
				INFOPLIST_KEY_UILaunchStoryboardName = LaunchScreen;
				INFOPLIST_KEY_UIMainStoryboardFile = Main;
				INFOPLIST_KEY_UIStatusBarStyle = UIStatusBarStyleDarkContent;
				INFOPLIST_KEY_UISupportedInterfaceOrientations = UIInterfaceOrientationPortrait;
				INFOPLIST_KEY_UISupportedInterfaceOrientations_iPad = "UIInterfaceOrientationLandscapeLeft UIInterfaceOrientationLandscapeRight UIInterfaceOrientationPortrait UIInterfaceOrientationPortraitUpsideDown";
				LD_RUNPATH_SEARCH_PATHS = (
					"$(inherited)",
					"@executable_path/Frameworks",
				);
				MARKETING_VERSION = 1.0;
				PRODUCT_BUNDLE_IDENTIFIER = DorianMattar.UniversallyRemote;
				PRODUCT_NAME = "$(TARGET_NAME)";
				SWIFT_EMIT_LOC_STRINGS = YES;
				SWIFT_OBJC_BRIDGING_HEADER = "UniversallyRemote-Bridging-Header.h";
				SWIFT_VERSION = 5.0;
				TARGETED_DEVICE_FAMILY = "1,2";
			};
			name = Release;
		};
		98184E292DA584A50060BF7E /* Debug */ = {
			isa = XCBuildConfiguration;
			buildSettings = {
				ALWAYS_SEARCH_USER_PATHS = NO;
				ASSETCATALOG_COMPILER_GENERATE_SWIFT_ASSET_SYMBOL_EXTENSIONS = YES;
				CLANG_ANALYZER_NONNULL = YES;
				CLANG_ANALYZER_NUMBER_OBJECT_CONVERSION = YES_AGGRESSIVE;
				CLANG_CXX_LANGUAGE_STANDARD = "gnu++20";
				CLANG_ENABLE_MODULES = YES;
				CLANG_ENABLE_OBJC_ARC = YES;
				CLANG_ENABLE_OBJC_WEAK = YES;
				CLANG_WARN_BLOCK_CAPTURE_AUTORELEASING = YES;
				CLANG_WARN_BOOL_CONVERSION = YES;
				CLANG_WARN_COMMA = YES;
				CLANG_WARN_CONSTANT_CONVERSION = YES;
				CLANG_WARN_DEPRECATED_OBJC_IMPLEMENTATIONS = YES;
				CLANG_WARN_DIRECT_OBJC_ISA_USAGE = YES_ERROR;
				CLANG_WARN_DOCUMENTATION_COMMENTS = YES;
				CLANG_WARN_EMPTY_BODY = YES;
				CLANG_WARN_ENUM_CONVERSION = YES;
				CLANG_WARN_INFINITE_RECURSION = YES;
				CLANG_WARN_INT_CONVERSION = YES;
				CLANG_WARN_NON_LITERAL_NULL_CONVERSION = YES;
				CLANG_WARN_OBJC_IMPLICIT_RETAIN_SELF = YES;
				CLANG_WARN_OBJC_LITERAL_CONVERSION = YES;
				CLANG_WARN_OBJC_ROOT_CLASS = YES_ERROR;
				CLANG_WARN_QUOTED_INCLUDE_IN_FRAMEWORK_HEADER = YES;
				CLANG_WARN_RANGE_LOOP_ANALYSIS = YES;
				CLANG_WARN_STRICT_PROTOTYPES = YES;
				CLANG_WARN_SUSPICIOUS_MOVE = YES;
				CLANG_WARN_UNGUARDED_AVAILABILITY = YES_AGGRESSIVE;
				CLANG_WARN_UNREACHABLE_CODE = YES;
				CLANG_WARN__DUPLICATE_METHOD_MATCH = YES;
				COPY_PHASE_STRIP = NO;
				DEBUG_INFORMATION_FORMAT = dwarf;
				DEVELOPMENT_TEAM = 58C2BX854S;
				ENABLE_STRICT_OBJC_MSGSEND = YES;
				ENABLE_TESTABILITY = YES;
				ENABLE_USER_SCRIPT_SANDBOXING = YES;
				GCC_C_LANGUAGE_STANDARD = gnu17;
				GCC_DYNAMIC_NO_PIC = NO;
				GCC_NO_COMMON_BLOCKS = YES;
				GCC_OPTIMIZATION_LEVEL = 0;
				GCC_PREPROCESSOR_DEFINITIONS = (
					"DEBUG=1",
					"$(inherited)",
				);
				GCC_WARN_64_TO_32_BIT_CONVERSION = YES;
				GCC_WARN_ABOUT_RETURN_TYPE = YES_ERROR;
				GCC_WARN_UNDECLARED_SELECTOR = YES;
				GCC_WARN_UNINITIALIZED_AUTOS = YES_AGGRESSIVE;
				GCC_WARN_UNUSED_FUNCTION = YES;
				GCC_WARN_UNUSED_VARIABLE = YES;
				IPHONEOS_DEPLOYMENT_TARGET = 18.4;
				LOCALIZATION_PREFERS_STRING_CATALOGS = YES;
				MTL_ENABLE_DEBUG_INFO = INCLUDE_SOURCE;
				MTL_FAST_MATH = YES;
				ONLY_ACTIVE_ARCH = YES;
				SDKROOT = iphoneos;
				STRING_CATALOG_GENERATE_SYMBOLS = YES;
				SWIFT_ACTIVE_COMPILATION_CONDITIONS = "DEBUG $(inherited)";
				SWIFT_OPTIMIZATION_LEVEL = "-Onone";
			};
			name = Debug;
		};
		98184E2A2DA584A50060BF7E /* Release */ = {
			isa = XCBuildConfiguration;
			buildSettings = {
				ALWAYS_SEARCH_USER_PATHS = NO;
				ASSETCATALOG_COMPILER_GENERATE_SWIFT_ASSET_SYMBOL_EXTENSIONS = YES;
				CLANG_ANALYZER_NONNULL = YES;
				CLANG_ANALYZER_NUMBER_OBJECT_CONVERSION = YES_AGGRESSIVE;
				CLANG_CXX_LANGUAGE_STANDARD = "gnu++20";
				CLANG_ENABLE_MODULES = YES;
				CLANG_ENABLE_OBJC_ARC = YES;
				CLANG_ENABLE_OBJC_WEAK = YES;
				CLANG_WARN_BLOCK_CAPTURE_AUTORELEASING = YES;
				CLANG_WARN_BOOL_CONVERSION = YES;
				CLANG_WARN_COMMA = YES;
				CLANG_WARN_CONSTANT_CONVERSION = YES;
				CLANG_WARN_DEPRECATED_OBJC_IMPLEMENTATIONS = YES;
				CLANG_WARN_DIRECT_OBJC_ISA_USAGE = YES_ERROR;
				CLANG_WARN_DOCUMENTATION_COMMENTS = YES;
				CLANG_WARN_EMPTY_BODY = YES;
				CLANG_WARN_ENUM_CONVERSION = YES;
				CLANG_WARN_INFINITE_RECURSION = YES;
				CLANG_WARN_INT_CONVERSION = YES;
				CLANG_WARN_NON_LITERAL_NULL_CONVERSION = YES;
				CLANG_WARN_OBJC_IMPLICIT_RETAIN_SELF = YES;
				CLANG_WARN_OBJC_LITERAL_CONVERSION = YES;
				CLANG_WARN_OBJC_ROOT_CLASS = YES_ERROR;
				CLANG_WARN_QUOTED_INCLUDE_IN_FRAMEWORK_HEADER = YES;
				CLANG_WARN_RANGE_LOOP_ANALYSIS = YES;
				CLANG_WARN_STRICT_PROTOTYPES = YES;
				CLANG_WARN_SUSPICIOUS_MOVE = YES;
				CLANG_WARN_UNGUARDED_AVAILABILITY = YES_AGGRESSIVE;
				CLANG_WARN_UNREACHABLE_CODE = YES;
				CLANG_WARN__DUPLICATE_METHOD_MATCH = YES;
				COPY_PHASE_STRIP = NO;
				DEBUG_INFORMATION_FORMAT = "dwarf-with-dsym";
				DEVELOPMENT_TEAM = 58C2BX854S;
				ENABLE_NS_ASSERTIONS = NO;
				ENABLE_STRICT_OBJC_MSGSEND = YES;
				ENABLE_USER_SCRIPT_SANDBOXING = YES;
				GCC_C_LANGUAGE_STANDARD = gnu17;
				GCC_NO_COMMON_BLOCKS = YES;
				GCC_WARN_64_TO_32_BIT_CONVERSION = YES;
				GCC_WARN_ABOUT_RETURN_TYPE = YES_ERROR;
				GCC_WARN_UNDECLARED_SELECTOR = YES;
				GCC_WARN_UNINITIALIZED_AUTOS = YES_AGGRESSIVE;
				GCC_WARN_UNUSED_FUNCTION = YES;
				GCC_WARN_UNUSED_VARIABLE = YES;
				IPHONEOS_DEPLOYMENT_TARGET = 18.4;
				LOCALIZATION_PREFERS_STRING_CATALOGS = YES;
				MTL_ENABLE_DEBUG_INFO = NO;
				MTL_FAST_MATH = YES;
				SDKROOT = iphoneos;
				STRING_CATALOG_GENERATE_SYMBOLS = YES;
				SWIFT_COMPILATION_MODE = wholemodule;
				VALIDATE_PRODUCT = YES;
			};
			name = Release;
		};
		98184E2C2DA584A50060BF7E /* Debug */ = {
			isa = XCBuildConfiguration;
			buildSettings = {
				BUNDLE_LOADER = "$(TEST_HOST)";
				CODE_SIGN_STYLE = Automatic;
				CURRENT_PROJECT_VERSION = 1;
				DEVELOPMENT_TEAM = 58C2BX854S;
				GENERATE_INFOPLIST_FILE = YES;
				IPHONEOS_DEPLOYMENT_TARGET = 18.4;
				MARKETING_VERSION = 1.0;
				PRODUCT_BUNDLE_IDENTIFIER = DorianMattar.UniversallyRemoteTests;
				PRODUCT_NAME = "$(TARGET_NAME)";
				SWIFT_EMIT_LOC_STRINGS = NO;
				SWIFT_VERSION = 5.0;
				TARGETED_DEVICE_FAMILY = "1,2";
				TEST_HOST = "$(BUILT_PRODUCTS_DIR)/UniversallyRemote.app/$(BUNDLE_EXECUTABLE_FOLDER_PATH)/UniversallyRemote";
			};
			name = Debug;
		};
		98184E2D2DA584A50060BF7E /* Release */ = {
			isa = XCBuildConfiguration;
			buildSettings = {
				BUNDLE_LOADER = "$(TEST_HOST)";
				CODE_SIGN_STYLE = Automatic;
				CURRENT_PROJECT_VERSION = 1;
				DEVELOPMENT_TEAM = 58C2BX854S;
				GENERATE_INFOPLIST_FILE = YES;
				IPHONEOS_DEPLOYMENT_TARGET = 18.4;
				MARKETING_VERSION = 1.0;
				PRODUCT_BUNDLE_IDENTIFIER = DorianMattar.UniversallyRemoteTests;
				PRODUCT_NAME = "$(TARGET_NAME)";
				SWIFT_EMIT_LOC_STRINGS = NO;
				SWIFT_VERSION = 5.0;
				TARGETED_DEVICE_FAMILY = "1,2";
				TEST_HOST = "$(BUILT_PRODUCTS_DIR)/UniversallyRemote.app/$(BUNDLE_EXECUTABLE_FOLDER_PATH)/UniversallyRemote";
			};
			name = Release;
		};
		98184E2F2DA584A50060BF7E /* Debug */ = {
			isa = XCBuildConfiguration;
			buildSettings = {
				CODE_SIGN_STYLE = Automatic;
				CURRENT_PROJECT_VERSION = 1;
				DEVELOPMENT_TEAM = 58C2BX854S;
				GENERATE_INFOPLIST_FILE = YES;
				MARKETING_VERSION = 1.0;
				PRODUCT_BUNDLE_IDENTIFIER = DorianMattar.UniversallyRemoteUITests;
				PRODUCT_NAME = "$(TARGET_NAME)";
				SWIFT_EMIT_LOC_STRINGS = NO;
				SWIFT_VERSION = 5.0;
				TARGETED_DEVICE_FAMILY = "1,2";
				TEST_TARGET_NAME = UniversallyRemote;
			};
			name = Debug;
		};
		98184E302DA584A50060BF7E /* Release */ = {
			isa = XCBuildConfiguration;
			buildSettings = {
				CODE_SIGN_STYLE = Automatic;
				CURRENT_PROJECT_VERSION = 1;
				DEVELOPMENT_TEAM = 58C2BX854S;
				GENERATE_INFOPLIST_FILE = YES;
				MARKETING_VERSION = 1.0;
				PRODUCT_BUNDLE_IDENTIFIER = DorianMattar.UniversallyRemoteUITests;
				PRODUCT_NAME = "$(TARGET_NAME)";
				SWIFT_EMIT_LOC_STRINGS = NO;
				SWIFT_VERSION = 5.0;
				TARGETED_DEVICE_FAMILY = "1,2";
				TEST_TARGET_NAME = UniversallyRemote;
			};
			name = Release;
		};
/* End XCBuildConfiguration section */

/* Begin XCConfigurationList section */
		98184DF82DA5849D0060BF7E /* Build configuration list for PBXProject "UniversallyRemote" */ = {
			isa = XCConfigurationList;
			buildConfigurations = (
				98184E292DA584A50060BF7E /* Debug */,
				98184E2A2DA584A50060BF7E /* Release */,
			);
			defaultConfigurationIsVisible = 0;
			defaultConfigurationName = Release;
		};
		98184E262DA584A50060BF7E /* Build configuration list for PBXNativeTarget "UniversallyRemote" */ = {
			isa = XCConfigurationList;
			buildConfigurations = (
				98184E272DA584A50060BF7E /* Debug */,
				98184E282DA584A50060BF7E /* Release */,
			);
			defaultConfigurationIsVisible = 0;
			defaultConfigurationName = Release;
		};
		98184E2B2DA584A50060BF7E /* Build configuration list for PBXNativeTarget "UniversallyRemoteTests" */ = {
			isa = XCConfigurationList;
			buildConfigurations = (
				98184E2C2DA584A50060BF7E /* Debug */,
				98184E2D2DA584A50060BF7E /* Release */,
			);
			defaultConfigurationIsVisible = 0;
			defaultConfigurationName = Release;
		};
		98184E2E2DA584A50060BF7E /* Build configuration list for PBXNativeTarget "UniversallyRemoteUITests" */ = {
			isa = XCConfigurationList;
			buildConfigurations = (
				98184E2F2DA584A50060BF7E /* Debug */,
				98184E302DA584A50060BF7E /* Release */,
			);
			defaultConfigurationIsVisible = 0;
			defaultConfigurationName = Release;
		};
/* End XCConfigurationList section */
	};
	rootObject = 98184DF52DA5849D0060BF7E /* Project object */;
}
